// !$*UTF8*$!
{
	archiveVersion = 1;
	classes = {
	};
	objectVersion = 48;
	objects = {

/* Begin PBXBuildFile section */
		B9001D392062F67F003381E4 /* IMG_1301.jpg in Resources */ = {isa = PBXBuildFile; fileRef = B9001D372062F67F003381E4 /* IMG_1301.jpg */; };
		B9001D3A2062F67F003381E4 /* IMG_0036.jpg in Resources */ = {isa = PBXBuildFile; fileRef = B9001D382062F67F003381E4 /* IMG_0036.jpg */; };
		B9001D3E2062FBC6003381E4 /* IMG_1038.jpg in Resources */ = {isa = PBXBuildFile; fileRef = B9001D3D2062FBC6003381E4 /* IMG_1038.jpg */; };
		B9001D422063F073003381E4 /* haarcascade_frontalface_alt2.xml in Resources */ = {isa = PBXBuildFile; fileRef = B9001D412063F073003381E4 /* haarcascade_frontalface_alt2.xml */; };
		B953C774206546D9008F0456 /* HVFaceDetectorUtil.mm in Sources */ = {isa = PBXBuildFile; fileRef = B953C773206546D9008F0456 /* HVFaceDetectorUtil.mm */; };
		B953C77620658766008F0456 /* haarcascade_eye_tree_eyeglasses.xml in Resources */ = {isa = PBXBuildFile; fileRef = B953C77520658766008F0456 /* haarcascade_eye_tree_eyeglasses.xml */; };
		B953DBD32067E7E800B6CC8C /* opencv2.framework in Frameworks */ = {isa = PBXBuildFile; fileRef = B953DBD22067E7E800B6CC8C /* opencv2.framework */; };
		B986AC76206677AA00A44DFF /* HVFaceRecognizerUtil.m in Sources */ = {isa = PBXBuildFile; fileRef = B986AC75206677AA00A44DFF /* HVFaceRecognizerUtil.m */; };
		B9B893462062C1E900FC58E8 /* AppDelegate.m in Sources */ = {isa = PBXBuildFile; fileRef = B9B893452062C1E900FC58E8 /* AppDelegate.m */; };
		B9B8934C2062C1E900FC58E8 /* Main.storyboard in Resources */ = {isa = PBXBuildFile; fileRef = B9B8934A2062C1E900FC58E8 /* Main.storyboard */; };
		B9B8934E2062C1E900FC58E8 /* Assets.xcassets in Resources */ = {isa = PBXBuildFile; fileRef = B9B8934D2062C1E900FC58E8 /* Assets.xcassets */; };
		B9B893512062C1E900FC58E8 /* LaunchScreen.storyboard in Resources */ = {isa = PBXBuildFile; fileRef = B9B8934F2062C1E900FC58E8 /* LaunchScreen.storyboard */; };
		B9B893542062C1E900FC58E8 /* main.m in Sources */ = {isa = PBXBuildFile; fileRef = B9B893532062C1E900FC58E8 /* main.m */; };
		B9B893612062C7CA00FC58E8 /* Accelerate.framework in Frameworks */ = {isa = PBXBuildFile; fileRef = B9B893602062C7CA00FC58E8 /* Accelerate.framework */; };
		B9B893632062C7D000FC58E8 /* AssetsLibrary.framework in Frameworks */ = {isa = PBXBuildFile; fileRef = B9B893622062C7D000FC58E8 /* AssetsLibrary.framework */; };
		B9B893652062C7E300FC58E8 /* CoreImage.framework in Frameworks */ = {isa = PBXBuildFile; fileRef = B9B893642062C7E300FC58E8 /* CoreImage.framework */; };
		B9B893672062C7F100FC58E8 /* CoreGraphics.framework in Frameworks */ = {isa = PBXBuildFile; fileRef = B9B893662062C7F100FC58E8 /* CoreGraphics.framework */; };
		B9B893692062C7FC00FC58E8 /* AVFoundation.framework in Frameworks */ = {isa = PBXBuildFile; fileRef = B9B893682062C7FC00FC58E8 /* AVFoundation.framework */; };
		B9B8936B2062C80800FC58E8 /* CoreMedia.framework in Frameworks */ = {isa = PBXBuildFile; fileRef = B9B8936A2062C80800FC58E8 /* CoreMedia.framework */; };
		B9B8936D2062C80F00FC58E8 /* CoreVideo.framework in Frameworks */ = {isa = PBXBuildFile; fileRef = B9B8936C2062C80F00FC58E8 /* CoreVideo.framework */; };
		B9B893702062D1BC00FC58E8 /* HVCameraViewController.mm in Sources */ = {isa = PBXBuildFile; fileRef = B9B8936F2062D1BC00FC58E8 /* HVCameraViewController.mm */; };
		B9F73C152066B3A800864F5E /* NSString+addition.m in Sources */ = {isa = PBXBuildFile; fileRef = B9F73C142066B3A800864F5E /* NSString+addition.m */; };
		B9F73C182066B3D600864F5E /* UIImage+OpenCV.mm in Sources */ = {isa = PBXBuildFile; fileRef = B9F73C172066B3D600864F5E /* UIImage+OpenCV.mm */; };
/* End PBXBuildFile section */

/* Begin PBXFileReference section */
		B9001D372062F67F003381E4 /* IMG_1301.jpg */ = {isa = PBXFileReference; lastKnownFileType = image.jpeg; path = IMG_1301.jpg; sourceTree = "<group>"; };
		B9001D382062F67F003381E4 /* IMG_0036.jpg */ = {isa = PBXFileReference; lastKnownFileType = image.jpeg; path = IMG_0036.jpg; sourceTree = "<group>"; };
		B9001D3D2062FBC6003381E4 /* IMG_1038.jpg */ = {isa = PBXFileReference; lastKnownFileType = image.jpeg; path = IMG_1038.jpg; sourceTree = "<group>"; };
		B9001D412063F073003381E4 /* haarcascade_frontalface_alt2.xml */ = {isa = PBXFileReference; fileEncoding = 4; lastKnownFileType = text.xml; path = haarcascade_frontalface_alt2.xml; sourceTree = "<group>"; };
		B953C772206546D9008F0456 /* HVFaceDetectorUtil.h */ = {isa = PBXFileReference; lastKnownFileType = sourcecode.c.h; path = HVFaceDetectorUtil.h; sourceTree = "<group>"; };
		B953C773206546D9008F0456 /* HVFaceDetectorUtil.mm */ = {isa = PBXFileReference; lastKnownFileType = sourcecode.cpp.objcpp; path = HVFaceDetectorUtil.mm; sourceTree = "<group>"; };
		B953C77520658766008F0456 /* haarcascade_eye_tree_eyeglasses.xml */ = {isa = PBXFileReference; fileEncoding = 4; lastKnownFileType = text.xml; path = haarcascade_eye_tree_eyeglasses.xml; sourceTree = "<group>"; };
		B953DBD22067E7E800B6CC8C /* opencv2.framework */ = {isa = PBXFileReference; lastKnownFileType = wrapper.framework; path = opencv2.framework; sourceTree = "<group>"; };
		B986AC74206677AA00A44DFF /* HVFaceRecognizerUtil.h */ = {isa = PBXFileReference; lastKnownFileType = sourcecode.c.h; path = HVFaceRecognizerUtil.h; sourceTree = "<group>"; };
		B986AC75206677AA00A44DFF /* HVFaceRecognizerUtil.m */ = {isa = PBXFileReference; lastKnownFileType = sourcecode.c.objc; path = HVFaceRecognizerUtil.m; sourceTree = "<group>"; };
		B9B893412062C1E800FC58E8 /* OpenCV iOS-FaceRecDemo.app */ = {isa = PBXFileReference; explicitFileType = wrapper.application; includeInIndex = 0; path = "OpenCV iOS-FaceRecDemo.app"; sourceTree = BUILT_PRODUCTS_DIR; };
		B9B893442062C1E800FC58E8 /* AppDelegate.h */ = {isa = PBXFileReference; lastKnownFileType = sourcecode.c.h; path = AppDelegate.h; sourceTree = "<group>"; };
		B9B893452062C1E900FC58E8 /* AppDelegate.m */ = {isa = PBXFileReference; lastKnownFileType = sourcecode.c.objc; path = AppDelegate.m; sourceTree = "<group>"; };
		B9B8934B2062C1E900FC58E8 /* Base */ = {isa = PBXFileReference; lastKnownFileType = file.storyboard; name = Base; path = Base.lproj/Main.storyboard; sourceTree = "<group>"; };
		B9B8934D2062C1E900FC58E8 /* Assets.xcassets */ = {isa = PBXFileReference; lastKnownFileType = folder.assetcatalog; path = Assets.xcassets; sourceTree = "<group>"; };
		B9B893502062C1E900FC58E8 /* Base */ = {isa = PBXFileReference; lastKnownFileType = file.storyboard; name = Base; path = Base.lproj/LaunchScreen.storyboard; sourceTree = "<group>"; };
		B9B893522062C1E900FC58E8 /* Info.plist */ = {isa = PBXFileReference; lastKnownFileType = text.plist.xml; path = Info.plist; sourceTree = "<group>"; };
		B9B893532062C1E900FC58E8 /* main.m */ = {isa = PBXFileReference; lastKnownFileType = sourcecode.c.objc; path = main.m; sourceTree = "<group>"; };
		B9B8935B2062C24300FC58E8 /* OpenCV iOS-FaceRecDemo-Prefix.pch */ = {isa = PBXFileReference; lastKnownFileType = sourcecode.c.h; path = "OpenCV iOS-FaceRecDemo-Prefix.pch"; sourceTree = "<group>"; };
		B9B893602062C7CA00FC58E8 /* Accelerate.framework */ = {isa = PBXFileReference; lastKnownFileType = wrapper.framework; name = Accelerate.framework; path = System/Library/Frameworks/Accelerate.framework; sourceTree = SDKROOT; };
		B9B893622062C7D000FC58E8 /* AssetsLibrary.framework */ = {isa = PBXFileReference; lastKnownFileType = wrapper.framework; name = AssetsLibrary.framework; path = System/Library/Frameworks/AssetsLibrary.framework; sourceTree = SDKROOT; };
		B9B893642062C7E300FC58E8 /* CoreImage.framework */ = {isa = PBXFileReference; lastKnownFileType = wrapper.framework; name = CoreImage.framework; path = System/Library/Frameworks/CoreImage.framework; sourceTree = SDKROOT; };
		B9B893662062C7F100FC58E8 /* CoreGraphics.framework */ = {isa = PBXFileReference; lastKnownFileType = wrapper.framework; name = CoreGraphics.framework; path = System/Library/Frameworks/CoreGraphics.framework; sourceTree = SDKROOT; };
		B9B893682062C7FC00FC58E8 /* AVFoundation.framework */ = {isa = PBXFileReference; lastKnownFileType = wrapper.framework; name = AVFoundation.framework; path = System/Library/Frameworks/AVFoundation.framework; sourceTree = SDKROOT; };
		B9B8936A2062C80800FC58E8 /* CoreMedia.framework */ = {isa = PBXFileReference; lastKnownFileType = wrapper.framework; name = CoreMedia.framework; path = System/Library/Frameworks/CoreMedia.framework; sourceTree = SDKROOT; };
		B9B8936C2062C80F00FC58E8 /* CoreVideo.framework */ = {isa = PBXFileReference; lastKnownFileType = wrapper.framework; name = CoreVideo.framework; path = System/Library/Frameworks/CoreVideo.framework; sourceTree = SDKROOT; };
		B9B8936E2062D1BC00FC58E8 /* HVCameraViewController.h */ = {isa = PBXFileReference; lastKnownFileType = sourcecode.c.h; path = HVCameraViewController.h; sourceTree = "<group>"; };
		B9B8936F2062D1BC00FC58E8 /* HVCameraViewController.mm */ = {isa = PBXFileReference; lastKnownFileType = sourcecode.cpp.objcpp; path = HVCameraViewController.mm; sourceTree = "<group>"; };
		B9F73C132066B3A800864F5E /* NSString+addition.h */ = {isa = PBXFileReference; lastKnownFileType = sourcecode.c.h; path = "NSString+addition.h"; sourceTree = "<group>"; };
		B9F73C142066B3A800864F5E /* NSString+addition.m */ = {isa = PBXFileReference; lastKnownFileType = sourcecode.c.objc; path = "NSString+addition.m"; sourceTree = "<group>"; };
		B9F73C162066B3D600864F5E /* UIImage+OpenCV.h */ = {isa = PBXFileReference; lastKnownFileType = sourcecode.c.h; path = "UIImage+OpenCV.h"; sourceTree = "<group>"; };
		B9F73C172066B3D600864F5E /* UIImage+OpenCV.mm */ = {isa = PBXFileReference; lastKnownFileType = sourcecode.cpp.objcpp; path = "UIImage+OpenCV.mm"; sourceTree = "<group>"; };
/* End PBXFileReference section */

/* Begin PBXFrameworksBuildPhase section */
		B9B8933E2062C1E800FC58E8 /* Frameworks */ = {
			isa = PBXFrameworksBuildPhase;
			buildActionMask = 2147483647;
			files = (
				B9B8936D2062C80F00FC58E8 /* CoreVideo.framework in Frameworks */,
				B9B8936B2062C80800FC58E8 /* CoreMedia.framework in Frameworks */,
				B953DBD32067E7E800B6CC8C /* opencv2.framework in Frameworks */,
				B9B893692062C7FC00FC58E8 /* AVFoundation.framework in Frameworks */,
				B9B893672062C7F100FC58E8 /* CoreGraphics.framework in Frameworks */,
				B9B893652062C7E300FC58E8 /* CoreImage.framework in Frameworks */,
				B9B893632062C7D000FC58E8 /* AssetsLibrary.framework in Frameworks */,
				B9B893612062C7CA00FC58E8 /* Accelerate.framework in Frameworks */,
			);
			runOnlyForDeploymentPostprocessing = 0;
		};
/* End PBXFrameworksBuildPhase section */

/* Begin PBXGroup section */
		B9B893382062C1E800FC58E8 = {
			isa = PBXGroup;
			children = (
				B9B893442062C1E800FC58E8 /* AppDelegate.h */,
				B9B893452062C1E900FC58E8 /* AppDelegate.m */,
				B9B893432062C1E800FC58E8 /* OpenCV iOS-FaceRecDemo */,
				B9B8935A2062C1F800FC58E8 /* Frameworks */,
				B9B893422062C1E800FC58E8 /* Products */,
			);
			sourceTree = "<group>";
		};
		B9B893422062C1E800FC58E8 /* Products */ = {
			isa = PBXGroup;
			children = (
				B9B893412062C1E800FC58E8 /* OpenCV iOS-FaceRecDemo.app */,
			);
			name = Products;
			sourceTree = "<group>";
		};
		B9B893432062C1E800FC58E8 /* OpenCV iOS-FaceRecDemo */ = {
			isa = PBXGroup;
			children = (
				B953C772206546D9008F0456 /* HVFaceDetectorUtil.h */,
				B953C773206546D9008F0456 /* HVFaceDetectorUtil.mm */,
				B986AC74206677AA00A44DFF /* HVFaceRecognizerUtil.h */,
				B986AC75206677AA00A44DFF /* HVFaceRecognizerUtil.m */,
				B9B8936E2062D1BC00FC58E8 /* HVCameraViewController.h */,
				B9B8936F2062D1BC00FC58E8 /* HVCameraViewController.mm */,
				B9B8934A2062C1E900FC58E8 /* Main.storyboard */,
				B9B8934D2062C1E900FC58E8 /* Assets.xcassets */,
				B9B8934F2062C1E900FC58E8 /* LaunchScreen.storyboard */,
				B9B893522062C1E900FC58E8 /* Info.plist */,
				B9B893532062C1E900FC58E8 /* main.m */,
				B9001D412063F073003381E4 /* haarcascade_frontalface_alt2.xml */,
				B953C77520658766008F0456 /* haarcascade_eye_tree_eyeglasses.xml */,
				B9B8935B2062C24300FC58E8 /* OpenCV iOS-FaceRecDemo-Prefix.pch */,
				B9001D382062F67F003381E4 /* IMG_0036.jpg */,
				B9001D372062F67F003381E4 /* IMG_1301.jpg */,
				B9001D3D2062FBC6003381E4 /* IMG_1038.jpg */,
				B9F73C0F2066B22400864F5E /* Categories */,
			);
			path = "OpenCV iOS-FaceRecDemo";
			sourceTree = "<group>";
		};
		B9B8935A2062C1F800FC58E8 /* Frameworks */ = {
			isa = PBXGroup;
			children = (
				B953DBD22067E7E800B6CC8C /* opencv2.framework */,
				B9B8936C2062C80F00FC58E8 /* CoreVideo.framework */,
				B9B8936A2062C80800FC58E8 /* CoreMedia.framework */,
				B9B893682062C7FC00FC58E8 /* AVFoundation.framework */,
				B9B893662062C7F100FC58E8 /* CoreGraphics.framework */,
				B9B893642062C7E300FC58E8 /* CoreImage.framework */,
				B9B893622062C7D000FC58E8 /* AssetsLibrary.framework */,
				B9B893602062C7CA00FC58E8 /* Accelerate.framework */,
			);
			path = Frameworks;
			sourceTree = "<group>";
		};
		B9F73C0F2066B22400864F5E /* Categories */ = {
			isa = PBXGroup;
			children = (
				B9F73C132066B3A800864F5E /* NSString+addition.h */,
				B9F73C142066B3A800864F5E /* NSString+addition.m */,
				B9F73C162066B3D600864F5E /* UIImage+OpenCV.h */,
				B9F73C172066B3D600864F5E /* UIImage+OpenCV.mm */,
			);
			path = Categories;
			sourceTree = "<group>";
		};
/* End PBXGroup section */

/* Begin PBXNativeTarget section */
		B9B893402062C1E800FC58E8 /* OpenCV iOS-FaceRecDemo */ = {
			isa = PBXNativeTarget;
			buildConfigurationList = B9B893572062C1E900FC58E8 /* Build configuration list for PBXNativeTarget "OpenCV iOS-FaceRecDemo" */;
			buildPhases = (
				B9B8933D2062C1E800FC58E8 /* Sources */,
				B9B8933E2062C1E800FC58E8 /* Frameworks */,
				B9B8933F2062C1E800FC58E8 /* Resources */,
			);
			buildRules = (
			);
			dependencies = (
			);
			name = "OpenCV iOS-FaceRecDemo";
			productName = "OpenCV iOS-FaceRecDemo";
			productReference = B9B893412062C1E800FC58E8 /* OpenCV iOS-FaceRecDemo.app */;
			productType = "com.apple.product-type.application";
		};
/* End PBXNativeTarget section */

/* Begin PBXProject section */
		B9B893392062C1E800FC58E8 /* Project object */ = {
			isa = PBXProject;
			attributes = {
				LastUpgradeCheck = 0920;
				ORGANIZATIONNAME = "Harvey Huang";
				TargetAttributes = {
					B9B893402062C1E800FC58E8 = {
						CreatedOnToolsVersion = 9.2;
						ProvisioningStyle = Automatic;
					};
				};
			};
			buildConfigurationList = B9B8933C2062C1E800FC58E8 /* Build configuration list for PBXProject "OpenCV iOS-FaceRecDemo" */;
			compatibilityVersion = "Xcode 8.0";
			developmentRegion = en;
			hasScannedForEncodings = 0;
			knownRegions = (
				en,
				Base,
			);
			mainGroup = B9B893382062C1E800FC58E8;
			productRefGroup = B9B893422062C1E800FC58E8 /* Products */;
			projectDirPath = "";
			projectRoot = "";
			targets = (
				B9B893402062C1E800FC58E8 /* OpenCV iOS-FaceRecDemo */,
			);
		};
/* End PBXProject section */

/* Begin PBXResourcesBuildPhase section */
		B9B8933F2062C1E800FC58E8 /* Resources */ = {
			isa = PBXResourcesBuildPhase;
			buildActionMask = 2147483647;
			files = (
				B9001D392062F67F003381E4 /* IMG_1301.jpg in Resources */,
				B9001D3A2062F67F003381E4 /* IMG_0036.jpg in Resources */,
				B9B893512062C1E900FC58E8 /* LaunchScreen.storyboard in Resources */,
				B9001D3E2062FBC6003381E4 /* IMG_1038.jpg in Resources */,
				B9B8934E2062C1E900FC58E8 /* Assets.xcassets in Resources */,
				B9001D422063F073003381E4 /* haarcascade_frontalface_alt2.xml in Resources */,
				B9B8934C2062C1E900FC58E8 /* Main.storyboard in Resources */,
				B953C77620658766008F0456 /* haarcascade_eye_tree_eyeglasses.xml in Resources */,
			);
			runOnlyForDeploymentPostprocessing = 0;
		};
/* End PBXResourcesBuildPhase section */

/* Begin PBXSourcesBuildPhase section */
		B9B8933D2062C1E800FC58E8 /* Sources */ = {
			isa = PBXSourcesBuildPhase;
			buildActionMask = 2147483647;
			files = (
				B953C774206546D9008F0456 /* HVFaceDetectorUtil.mm in Sources */,
				B9F73C152066B3A800864F5E /* NSString+addition.m in Sources */,
				B986AC76206677AA00A44DFF /* HVFaceRecognizerUtil.m in Sources */,
				B9B893542062C1E900FC58E8 /* main.m in Sources */,
				B9F73C182066B3D600864F5E /* UIImage+OpenCV.mm in Sources */,
				B9B893702062D1BC00FC58E8 /* HVCameraViewController.mm in Sources */,
				B9B893462062C1E900FC58E8 /* AppDelegate.m in Sources */,
			);
			runOnlyForDeploymentPostprocessing = 0;
		};
/* End PBXSourcesBuildPhase section */

/* Begin PBXVariantGroup section */
		B9B8934A2062C1E900FC58E8 /* Main.storyboard */ = {
			isa = PBXVariantGroup;
			children = (
				B9B8934B2062C1E900FC58E8 /* Base */,
			);
			name = Main.storyboard;
			sourceTree = "<group>";
		};
		B9B8934F2062C1E900FC58E8 /* LaunchScreen.storyboard */ = {
			isa = PBXVariantGroup;
			children = (
				B9B893502062C1E900FC58E8 /* Base */,
			);
			name = LaunchScreen.storyboard;
			sourceTree = "<group>";
		};
/* End PBXVariantGroup section */

/* Begin XCBuildConfiguration section */
		B9B893552062C1E900FC58E8 /* Debug */ = {
			isa = XCBuildConfiguration;
			buildSettings = {
				ALWAYS_SEARCH_USER_PATHS = NO;
				CLANG_ANALYZER_NONNULL = YES;
				CLANG_ANALYZER_NUMBER_OBJECT_CONVERSION = YES_AGGRESSIVE;
				CLANG_CXX_LANGUAGE_STANDARD = "gnu++14";
				CLANG_CXX_LIBRARY = "libc++";
				CLANG_ENABLE_MODULES = YES;
				CLANG_ENABLE_OBJC_ARC = YES;
				CLANG_WARN_BLOCK_CAPTURE_AUTORELEASING = YES;
				CLANG_WARN_BOOL_CONVERSION = YES;
				CLANG_WARN_COMMA = YES;
				CLANG_WARN_CONSTANT_CONVERSION = YES;
				CLANG_WARN_DIRECT_OBJC_ISA_USAGE = YES_ERROR;
				CLANG_WARN_DOCUMENTATION_COMMENTS = YES;
				CLANG_WARN_EMPTY_BODY = YES;
				CLANG_WARN_ENUM_CONVERSION = YES;
				CLANG_WARN_INFINITE_RECURSION = YES;
				CLANG_WARN_INT_CONVERSION = YES;
				CLANG_WARN_NON_LITERAL_NULL_CONVERSION = YES;
				CLANG_WARN_OBJC_LITERAL_CONVERSION = YES;
				CLANG_WARN_OBJC_ROOT_CLASS = YES_ERROR;
				CLANG_WARN_RANGE_LOOP_ANALYSIS = YES;
				CLANG_WARN_STRICT_PROTOTYPES = YES;
				CLANG_WARN_SUSPICIOUS_MOVE = YES;
				CLANG_WARN_UNGUARDED_AVAILABILITY = YES_AGGRESSIVE;
				CLANG_WARN_UNREACHABLE_CODE = YES;
				CLANG_WARN__DUPLICATE_METHOD_MATCH = YES;
				CODE_SIGN_IDENTITY = "iPhone Developer";
				COPY_PHASE_STRIP = NO;
				DEBUG_INFORMATION_FORMAT = dwarf;
				ENABLE_STRICT_OBJC_MSGSEND = YES;
				ENABLE_TESTABILITY = YES;
				GCC_C_LANGUAGE_STANDARD = gnu11;
				GCC_DYNAMIC_NO_PIC = NO;
				GCC_NO_COMMON_BLOCKS = YES;
				GCC_OPTIMIZATION_LEVEL = 0;
				GCC_PREPROCESSOR_DEFINITIONS = (
					"DEBUG=1",
					"$(inherited)",
				);
				GCC_WARN_64_TO_32_BIT_CONVERSION = YES;
				GCC_WARN_ABOUT_RETURN_TYPE = YES_ERROR;
				GCC_WARN_UNDECLARED_SELECTOR = YES;
				GCC_WARN_UNINITIALIZED_AUTOS = YES_AGGRESSIVE;
				GCC_WARN_UNUSED_FUNCTION = YES;
				GCC_WARN_UNUSED_VARIABLE = YES;
				IPHONEOS_DEPLOYMENT_TARGET = 9.0;
				MTL_ENABLE_DEBUG_INFO = YES;
				ONLY_ACTIVE_ARCH = YES;
				SDKROOT = iphoneos;
			};
			name = Debug;
		};
		B9B893562062C1E900FC58E8 /* Release */ = {
			isa = XCBuildConfiguration;
			buildSettings = {
				ALWAYS_SEARCH_USER_PATHS = NO;
				CLANG_ANALYZER_NONNULL = YES;
				CLANG_ANALYZER_NUMBER_OBJECT_CONVERSION = YES_AGGRESSIVE;
				CLANG_CXX_LANGUAGE_STANDARD = "gnu++14";
				CLANG_CXX_LIBRARY = "libc++";
				CLANG_ENABLE_MODULES = YES;
				CLANG_ENABLE_OBJC_ARC = YES;
				CLANG_WARN_BLOCK_CAPTURE_AUTORELEASING = YES;
				CLANG_WARN_BOOL_CONVERSION = YES;
				CLANG_WARN_COMMA = YES;
				CLANG_WARN_CONSTANT_CONVERSION = YES;
				CLANG_WARN_DIRECT_OBJC_ISA_USAGE = YES_ERROR;
				CLANG_WARN_DOCUMENTATION_COMMENTS = YES;
				CLANG_WARN_EMPTY_BODY = YES;
				CLANG_WARN_ENUM_CONVERSION = YES;
				CLANG_WARN_INFINITE_RECURSION = YES;
				CLANG_WARN_INT_CONVERSION = YES;
				CLANG_WARN_NON_LITERAL_NULL_CONVERSION = YES;
				CLANG_WARN_OBJC_LITERAL_CONVERSION = YES;
				CLANG_WARN_OBJC_ROOT_CLASS = YES_ERROR;
				CLANG_WARN_RANGE_LOOP_ANALYSIS = YES;
				CLANG_WARN_STRICT_PROTOTYPES = YES;
				CLANG_WARN_SUSPICIOUS_MOVE = YES;
				CLANG_WARN_UNGUARDED_AVAILABILITY = YES_AGGRESSIVE;
				CLANG_WARN_UNREACHABLE_CODE = YES;
				CLANG_WARN__DUPLICATE_METHOD_MATCH = YES;
				CODE_SIGN_IDENTITY = "iPhone Developer";
				COPY_PHASE_STRIP = NO;
				DEBUG_INFORMATION_FORMAT = "dwarf-with-dsym";
				ENABLE_NS_ASSERTIONS = NO;
				ENABLE_STRICT_OBJC_MSGSEND = YES;
				GCC_C_LANGUAGE_STANDARD = gnu11;
				GCC_NO_COMMON_BLOCKS = YES;
				GCC_WARN_64_TO_32_BIT_CONVERSION = YES;
				GCC_WARN_ABOUT_RETURN_TYPE = YES_ERROR;
				GCC_WARN_UNDECLARED_SELECTOR = YES;
				GCC_WARN_UNINITIALIZED_AUTOS = YES_AGGRESSIVE;
				GCC_WARN_UNUSED_FUNCTION = YES;
				GCC_WARN_UNUSED_VARIABLE = YES;
				IPHONEOS_DEPLOYMENT_TARGET = 9.0;
				MTL_ENABLE_DEBUG_INFO = NO;
				SDKROOT = iphoneos;
				VALIDATE_PRODUCT = YES;
			};
			name = Release;
		};
		B9B893582062C1E900FC58E8 /* Debug */ = {
			isa = XCBuildConfiguration;
			buildSettings = {
				ASSETCATALOG_COMPILER_APPICON_NAME = AppIcon;
				CODE_SIGN_IDENTITY = "iPhone Developer";
				"CODE_SIGN_IDENTITY[sdk=iphoneos*]" = "iPhone Developer";
				CODE_SIGN_STYLE = Automatic;
				DEVELOPMENT_TEAM = G3W338EUUT;
				ENABLE_BITCODE = NO;
				FRAMEWORK_SEARCH_PATHS = (
					"$(inherited)",
					"$(PROJECT_DIR)/Frameworks",
					"$(PROJECT_DIR)",
				);
				GCC_PRECOMPILE_PREFIX_HEADER = YES;
				GCC_PREFIX_HEADER = "$(SRCROOT)/OpenCV iOS-FaceRecDemo/OpenCV iOS-FaceRecDemo-Prefix.pch";
				HEADER_SEARCH_PATHS = "";
				INFOPLIST_FILE = "OpenCV iOS-FaceRecDemo/Info.plist";
				IPHONEOS_DEPLOYMENT_TARGET = 9.0;
				LD_RUNPATH_SEARCH_PATHS = "$(inherited) @executable_path/Frameworks";
				LIBRARY_SEARCH_PATHS = "";
				PRODUCT_BUNDLE_IDENTIFIER = "com.Harveyhw.OpenCV-iOS-FaceRecDemo";
				PRODUCT_NAME = "$(TARGET_NAME)";
				PROVISIONING_PROFILE_SPECIFIER = "";
				TARGETED_DEVICE_FAMILY = 1;
				WARNING_CFLAGS = "-Wno-documentation";
			};
			name = Debug;
		};
		B9B893592062C1E900FC58E8 /* Release */ = {
			isa = XCBuildConfiguration;
			buildSettings = {
				ASSETCATALOG_COMPILER_APPICON_NAME = AppIcon;
				CODE_SIGN_IDENTITY = "iPhone Developer: 452056596@qq.com (DQ2Z9E796C)";
				"CODE_SIGN_IDENTITY[sdk=iphoneos*]" = "iPhone Developer";
				CODE_SIGN_STYLE = Automatic;
				DEVELOPMENT_TEAM = G3W338EUUT;
				ENABLE_BITCODE = NO;
				FRAMEWORK_SEARCH_PATHS = (
					"$(inherited)",
					"$(PROJECT_DIR)/Frameworks",
					"$(PROJECT_DIR)",
				);
				GCC_PRECOMPILE_PREFIX_HEADER = YES;
				GCC_PREFIX_HEADER = "$(SRCROOT)/OpenCV iOS-FaceRecDemo/OpenCV iOS-FaceRecDemo-Prefix.pch";
				HEADER_SEARCH_PATHS = "";
				INFOPLIST_FILE = "OpenCV iOS-FaceRecDemo/Info.plist";
				IPHONEOS_DEPLOYMENT_TARGET = 9.0;
				LD_RUNPATH_SEARCH_PATHS = "$(inherited) @executable_path/Frameworks";
				LIBRARY_SEARCH_PATHS = "";
				PRODUCT_BUNDLE_IDENTIFIER = "com.Harveyhw.OpenCV-iOS-FaceRecDemo";
				PRODUCT_NAME = "$(TARGET_NAME)";
				PROVISIONING_PROFILE_SPECIFIER = "";
				TARGETED_DEVICE_FAMILY = 1;
				WARNING_CFLAGS = "-Wno-documentation";
			};
			name = Release;
		};
/* End XCBuildConfiguration section */

/* Begin XCConfigurationList section */
		B9B8933C2062C1E800FC58E8 /* Build configuration list for PBXProject "OpenCV iOS-FaceRecDemo" */ = {
			isa = XCConfigurationList;
			buildConfigurations = (
				B9B893552062C1E900FC58E8 /* Debug */,
				B9B893562062C1E900FC58E8 /* Release */,
			);
			defaultConfigurationIsVisible = 0;
			defaultConfigurationName = Release;
		};
		B9B893572062C1E900FC58E8 /* Build configuration list for PBXNativeTarget "OpenCV iOS-FaceRecDemo" */ = {
			isa = XCConfigurationList;
			buildConfigurations = (
				B9B893582062C1E900FC58E8 /* Debug */,
				B9B893592062C1E900FC58E8 /* Release */,
			);
			defaultConfigurationIsVisible = 0;
			defaultConfigurationName = Release;
		};
/* End XCConfigurationList section */
	};
	rootObject = B9B893392062C1E800FC58E8 /* Project object */;
}
